
Microsoft Visual Studio Solution File, Format Version 12.00
# Visual Studio Version 17
VisualStudioVersion = 17.0.31612.314
MinimumVisualStudioVersion = 10.0.40219.1
Project("{FAE04EC0-301F-11D3-BF4B-00C04F79EFBC}") = "number", "number\number.csproj", "{08C6F3FC-5F41-4471-B33F-3155F7288A4A}"
EndProject
Global
	GlobalSection(SolutionConfigurationPlatforms) = preSolution
		Debug|Any CPU = Debug|Any CPU
		Release|Any CPU = Release|Any CPU
	EndGlobalSection
	GlobalSection(ProjectConfigurationPlatforms) = postSolution
		{08C6F3FC-5F41-4471-B33F-3155F7288A4A}.Debug|Any CPU.ActiveCfg = Debug|Any CPU
		{08C6F3FC-5F41-4471-B33F-3155F7288A4A}.Debug|Any CPU.Build.0 = Debug|Any CPU
		{08C6F3FC-5F41-4471-B33F-3155F7288A4A}.Release|Any CPU.ActiveCfg = Release|Any CPU
		{08C6F3FC-5F41-4471-B33F-3155F7288A4A}.Release|Any CPU.Build.0 = Release|Any CPU
	EndGlobalSection
	GlobalSection(SolutionProperties) = preSolution
		HideSolutionNode = FALSE
	EndGlobalSection
	GlobalSection(ExtensibilityGlobals) = postSolution
		SolutionGuid = {77A91CDE-7068-47C0-BFEA-D8E959DFCC52}
	EndGlobalSection
EndGlobal
